
Microsoft Visual Studio Solution File, Format Version 12.00
# Visual Studio 15
VisualStudioVersion = 15.0.26014.0
MinimumVisualStudioVersion = 10.0.40219.1
Project("{F2A71F9B-5D33-465A-A702-920D77279786}") = "Whitebox.FSharp", "Whitebox.FSharp\Whitebox.FSharp.fsproj", "{A0821B62-BD90-4FD9-8289-9241BE8023DF}"
EndProject
Global
	GlobalSection(SolutionConfigurationPlatforms) = preSolution
		Debug|Any CPU = Debug|Any CPU
		Release|Any CPU = Release|Any CPU
	EndGlobalSection
	GlobalSection(ProjectConfigurationPlatforms) = postSolution
		{A0821B62-BD90-4FD9-8289-9241BE8023DF}.Debug|Any CPU.ActiveCfg = Debug|Any CPU
		{A0821B62-BD90-4FD9-8289-9241BE8023DF}.Debug|Any CPU.Build.0 = Debug|Any CPU
		{A0821B62-BD90-4FD9-8289-9241BE8023DF}.Release|Any CPU.ActiveCfg = Release|Any CPU
		{A0821B62-BD90-4FD9-8289-9241BE8023DF}.Release|Any CPU.Build.0 = Release|Any CPU
	EndGlobalSection
	GlobalSection(SolutionProperties) = preSolution
		HideSolutionNode = FALSE
	EndGlobalSection
EndGlobal
